
Microsoft Visual Studio Solution File, Format Version 12.00
# Visual Studio Version 16
VisualStudioVersion = 16.0.29009.5
MinimumVisualStudioVersion = 10.0.40219.1
Project("{9A19103F-16F7-4668-BE54-9A1E7A4F7556}") = "CrawlParent", "CrawlParent\CrawlParent.csproj", "{D50D52EB-E166-4C46-8217-7BAF43946F2C}"
EndProject
Project("{9A19103F-16F7-4668-BE54-9A1E7A4F7556}") = "Hash", "Hash\Hash.csproj", "{D5BC6216-3A12-4BE3-AFCD-C5220197B029}"
EndProject
Project("{9A19103F-16F7-4668-BE54-9A1E7A4F7556}") = "Tool", "Tool\Tool.csproj", "{BE6BDE09-F094-4088-A078-10DF8AE5AE20}"
EndProject
Project("{9A19103F-16F7-4668-BE54-9A1E7A4F7556}") = "Crawl", "Crawl\Crawl.csproj", "{2798FDA6-5FD1-4C41-B4BC-8D8AEB6BDEA7}"
EndProject
Project("{9A19103F-16F7-4668-BE54-9A1E7A4F7556}") = "Web", "Web\Web.csproj", "{5D4C4FE7-67B2-476A-988B-4C4500257D1B}"
EndProject
Project("{D954291E-2A0B-460D-934E-DC6B0785DB48}") = "Lib", "Lib\Lib.shproj", "{1996D371-AD00-4D45-A03A-511E942B8DD5}"
EndProject
Project("{9A19103F-16F7-4668-BE54-9A1E7A4F7556}") = "DctHash", "DctHash\DctHash.csproj", "{D2545444-BE3E-4FBF-B0BD-3A54E5F558AF}"
EndProject
Project("{D954291E-2A0B-460D-934E-DC6B0785DB48}") = "Lib.DctHash", "Lib.DctHash\Lib.DctHash.shproj", "{959B8CD3-D4EB-4CD3-AC95-7EC09E1AD09E}"
EndProject
Project("{D954291E-2A0B-460D-934E-DC6B0785DB48}") = "Lib.BlurHash", "Lib.BlurHash\Lib.BlurHash.shproj", "{A6010704-EF6F-4724-B83E-D815EBE8C395}"
EndProject
Global
	GlobalSection(SharedMSBuildProjectFiles) = preSolution
		Lib\Lib.projitems*{1996d371-ad00-4d45-a03a-511e942b8dd5}*SharedItemsImports = 13
		Lib.BlurHash\Lib.BlurHash.projitems*{2798fda6-5fd1-4c41-b4bc-8d8aeb6bdea7}*SharedItemsImports = 5
		Lib.DctHash\Lib.DctHash.projitems*{2798fda6-5fd1-4c41-b4bc-8d8aeb6bdea7}*SharedItemsImports = 5
		Lib\Lib.projitems*{2798fda6-5fd1-4c41-b4bc-8d8aeb6bdea7}*SharedItemsImports = 5
		Lib.BlurHash\Lib.BlurHash.projitems*{5d4c4fe7-67b2-476a-988b-4c4500257d1b}*SharedItemsImports = 5
		Lib.DctHash\Lib.DctHash.projitems*{5d4c4fe7-67b2-476a-988b-4c4500257d1b}*SharedItemsImports = 5
		Lib\Lib.projitems*{5d4c4fe7-67b2-476a-988b-4c4500257d1b}*SharedItemsImports = 5
		Lib.DctHash\Lib.DctHash.projitems*{959b8cd3-d4eb-4cd3-ac95-7ec09e1ad09e}*SharedItemsImports = 13
		Lib.BlurHash\Lib.BlurHash.projitems*{a6010704-ef6f-4724-b83e-d815ebe8c395}*SharedItemsImports = 13
		Lib.DctHash\Lib.DctHash.projitems*{be6bde09-f094-4088-a078-10df8ae5ae20}*SharedItemsImports = 5
		Lib\Lib.projitems*{be6bde09-f094-4088-a078-10df8ae5ae20}*SharedItemsImports = 5
		Lib.DctHash\Lib.DctHash.projitems*{d2545444-be3e-4fbf-b0bd-3a54e5f558af}*SharedItemsImports = 5
		Lib\Lib.projitems*{d2545444-be3e-4fbf-b0bd-3a54e5f558af}*SharedItemsImports = 5
		Lib\Lib.projitems*{d50d52eb-e166-4c46-8217-7baf43946f2c}*SharedItemsImports = 5
		Lib\Lib.projitems*{d5bc6216-3a12-4be3-afcd-c5220197b029}*SharedItemsImports = 5
	EndGlobalSection
	GlobalSection(SolutionConfigurationPlatforms) = preSolution
		Debug|Any CPU = Debug|Any CPU
		Release|Any CPU = Release|Any CPU
	EndGlobalSection
	GlobalSection(ProjectConfigurationPlatforms) = postSolution
		{D50D52EB-E166-4C46-8217-7BAF43946F2C}.Debug|Any CPU.ActiveCfg = Debug|Any CPU
		{D50D52EB-E166-4C46-8217-7BAF43946F2C}.Debug|Any CPU.Build.0 = Debug|Any CPU
		{D50D52EB-E166-4C46-8217-7BAF43946F2C}.Release|Any CPU.ActiveCfg = Release|Any CPU
		{D50D52EB-E166-4C46-8217-7BAF43946F2C}.Release|Any CPU.Build.0 = Release|Any CPU
		{D5BC6216-3A12-4BE3-AFCD-C5220197B029}.Debug|Any CPU.ActiveCfg = Debug|Any CPU
		{D5BC6216-3A12-4BE3-AFCD-C5220197B029}.Debug|Any CPU.Build.0 = Debug|Any CPU
		{D5BC6216-3A12-4BE3-AFCD-C5220197B029}.Release|Any CPU.ActiveCfg = Release|Any CPU
		{D5BC6216-3A12-4BE3-AFCD-C5220197B029}.Release|Any CPU.Build.0 = Release|Any CPU
		{BE6BDE09-F094-4088-A078-10DF8AE5AE20}.Debug|Any CPU.ActiveCfg = Debug|Any CPU
		{BE6BDE09-F094-4088-A078-10DF8AE5AE20}.Debug|Any CPU.Build.0 = Debug|Any CPU
		{BE6BDE09-F094-4088-A078-10DF8AE5AE20}.Release|Any CPU.ActiveCfg = Release|Any CPU
		{BE6BDE09-F094-4088-A078-10DF8AE5AE20}.Release|Any CPU.Build.0 = Release|Any CPU
		{2798FDA6-5FD1-4C41-B4BC-8D8AEB6BDEA7}.Debug|Any CPU.ActiveCfg = Debug|Any CPU
		{2798FDA6-5FD1-4C41-B4BC-8D8AEB6BDEA7}.Debug|Any CPU.Build.0 = Debug|Any CPU
		{2798FDA6-5FD1-4C41-B4BC-8D8AEB6BDEA7}.Release|Any CPU.ActiveCfg = Release|Any CPU
		{2798FDA6-5FD1-4C41-B4BC-8D8AEB6BDEA7}.Release|Any CPU.Build.0 = Release|Any CPU
		{5D4C4FE7-67B2-476A-988B-4C4500257D1B}.Debug|Any CPU.ActiveCfg = Debug|Any CPU
		{5D4C4FE7-67B2-476A-988B-4C4500257D1B}.Debug|Any CPU.Build.0 = Debug|Any CPU
		{5D4C4FE7-67B2-476A-988B-4C4500257D1B}.Release|Any CPU.ActiveCfg = Release|Any CPU
		{5D4C4FE7-67B2-476A-988B-4C4500257D1B}.Release|Any CPU.Build.0 = Release|Any CPU
		{D2545444-BE3E-4FBF-B0BD-3A54E5F558AF}.Debug|Any CPU.ActiveCfg = Debug|Any CPU
		{D2545444-BE3E-4FBF-B0BD-3A54E5F558AF}.Debug|Any CPU.Build.0 = Debug|Any CPU
		{D2545444-BE3E-4FBF-B0BD-3A54E5F558AF}.Release|Any CPU.ActiveCfg = Release|Any CPU
		{D2545444-BE3E-4FBF-B0BD-3A54E5F558AF}.Release|Any CPU.Build.0 = Release|Any CPU
	EndGlobalSection
	GlobalSection(SolutionProperties) = preSolution
		HideSolutionNode = FALSE
	EndGlobalSection
	GlobalSection(ExtensibilityGlobals) = postSolution
		SolutionGuid = {F874627D-7484-4892-B3B5-84D4756E1120}
	EndGlobalSection
EndGlobal
